// !$*UTF8*$!
{
	archiveVersion = 1;
	classes = {
	};
	objectVersion = 56;
	objects = {

/* Begin PBXBuildFile section */
		DD18F4B42AFACA4D005BFC48 /* AppDelegate.swift in Sources */ = {isa = PBXBuildFile; fileRef = DD18F4B32AFACA4D005BFC48 /* AppDelegate.swift */; };
		DD18F4B82AFACA4D005BFC48 /* HomeViewController.swift in Sources */ = {isa = PBXBuildFile; fileRef = DD18F4B72AFACA4D005BFC48 /* HomeViewController.swift */; };
		DD18F4BD2AFACA4E005BFC48 /* Assets.xcassets in Resources */ = {isa = PBXBuildFile; fileRef = DD18F4BC2AFACA4E005BFC48 /* Assets.xcassets */; };
		DD18F4C02AFACA4E005BFC48 /* LaunchScreen.storyboard in Resources */ = {isa = PBXBuildFile; fileRef = DD18F4BE2AFACA4E005BFC48 /* LaunchScreen.storyboard */; };
		DD18F4C82AFACE73005BFC48 /* String+Ex.swift in Sources */ = {isa = PBXBuildFile; fileRef = DD18F4C72AFACE73005BFC48 /* String+Ex.swift */; };
		DD18F4CE2AFACF43005BFC48 /* Localizable.strings in Resources */ = {isa = PBXBuildFile; fileRef = DD18F4D02AFACF43005BFC48 /* Localizable.strings */; };
		DD18F4D32AFAD982005BFC48 /* SelectVerbsViewController.swift in Sources */ = {isa = PBXBuildFile; fileRef = DD18F4D22AFAD981005BFC48 /* SelectVerbsViewController.swift */; };
		DD18F4D52AFAD99C005BFC48 /* TrainViewController.swift in Sources */ = {isa = PBXBuildFile; fileRef = DD18F4D42AFAD99C005BFC48 /* TrainViewController.swift */; };
		DD56920F2B0130EE000A76DC /* SwiftCSV in Frameworks */ = {isa = PBXBuildFile; productRef = DD56920E2B0130EE000A76DC /* SwiftCSV */; };
		DD5692122B0130FA000A76DC /* SnapKit in Frameworks */ = {isa = PBXBuildFile; productRef = DD5692112B0130FA000A76DC /* SnapKit */; };
		DDE877A72AFC200E0018DE4D /* SelectVerbTableViewCell.swift in Sources */ = {isa = PBXBuildFile; fileRef = DDE877A62AFC200E0018DE4D /* SelectVerbTableViewCell.swift */; };
		DDE877A92AFC25410018DE4D /* UIView+Ex.swift in Sources */ = {isa = PBXBuildFile; fileRef = DDE877A82AFC25410018DE4D /* UIView+Ex.swift */; };
		DDE877AB2AFC26140018DE4D /* UIStackView+Ex.swift in Sources */ = {isa = PBXBuildFile; fileRef = DDE877AA2AFC26140018DE4D /* UIStackView+Ex.swift */; };
		DDE877B52AFC2CB10018DE4D /*  IrregularVerbs.swift in Sources */ = {isa = PBXBuildFile; fileRef = DDE877B32AFC2CB10018DE4D /*  IrregularVerbs.swift */; };
		DDE877B62AFC2CB10018DE4D /* Verb.swift in Sources */ = {isa = PBXBuildFile; fileRef = DDE877B42AFC2CB10018DE4D /* Verb.swift */; };
		DDE877B82AFC38360018DE4D /* irregular-verbs.csv in Resources */ = {isa = PBXBuildFile; fileRef = DDE877B72AFC38360018DE4D /* irregular-verbs.csv */; };
/* End PBXBuildFile section */

/* Begin PBXFileReference section */
		DD18F4B02AFACA4D005BFC48 /* Verregular.app */ = {isa = PBXFileReference; explicitFileType = wrapper.application; includeInIndex = 0; path = Verregular.app; sourceTree = BUILT_PRODUCTS_DIR; };
		DD18F4B32AFACA4D005BFC48 /* AppDelegate.swift */ = {isa = PBXFileReference; lastKnownFileType = sourcecode.swift; path = AppDelegate.swift; sourceTree = "<group>"; };
		DD18F4B72AFACA4D005BFC48 /* HomeViewController.swift */ = {isa = PBXFileReference; lastKnownFileType = sourcecode.swift; path = HomeViewController.swift; sourceTree = "<group>"; };
		DD18F4BC2AFACA4E005BFC48 /* Assets.xcassets */ = {isa = PBXFileReference; lastKnownFileType = folder.assetcatalog; path = Assets.xcassets; sourceTree = "<group>"; };
		DD18F4BF2AFACA4E005BFC48 /* Base */ = {isa = PBXFileReference; lastKnownFileType = file.storyboard; name = Base; path = Base.lproj/LaunchScreen.storyboard; sourceTree = "<group>"; };
		DD18F4C12AFACA4E005BFC48 /* Info.plist */ = {isa = PBXFileReference; lastKnownFileType = text.plist.xml; path = Info.plist; sourceTree = "<group>"; };
		DD18F4C72AFACE73005BFC48 /* String+Ex.swift */ = {isa = PBXFileReference; lastKnownFileType = sourcecode.swift; path = "String+Ex.swift"; sourceTree = "<group>"; };
		DD18F4CF2AFACF43005BFC48 /* en */ = {isa = PBXFileReference; lastKnownFileType = text.plist.strings; name = en; path = en.lproj/Localizable.strings; sourceTree = "<group>"; };
		DD18F4D12AFACF58005BFC48 /* ru */ = {isa = PBXFileReference; lastKnownFileType = text.plist.strings; name = ru; path = ru.lproj/Localizable.strings; sourceTree = "<group>"; };
		DD18F4D22AFAD981005BFC48 /* SelectVerbsViewController.swift */ = {isa = PBXFileReference; lastKnownFileType = sourcecode.swift; path = SelectVerbsViewController.swift; sourceTree = "<group>"; };
		DD18F4D42AFAD99C005BFC48 /* TrainViewController.swift */ = {isa = PBXFileReference; lastKnownFileType = sourcecode.swift; path = TrainViewController.swift; sourceTree = "<group>"; };
		DDE877A62AFC200E0018DE4D /* SelectVerbTableViewCell.swift */ = {isa = PBXFileReference; lastKnownFileType = sourcecode.swift; path = SelectVerbTableViewCell.swift; sourceTree = "<group>"; };
		DDE877A82AFC25410018DE4D /* UIView+Ex.swift */ = {isa = PBXFileReference; lastKnownFileType = sourcecode.swift; path = "UIView+Ex.swift"; sourceTree = "<group>"; };
		DDE877AA2AFC26140018DE4D /* UIStackView+Ex.swift */ = {isa = PBXFileReference; lastKnownFileType = sourcecode.swift; path = "UIStackView+Ex.swift"; sourceTree = "<group>"; };
		DDE877B32AFC2CB10018DE4D /*  IrregularVerbs.swift */ = {isa = PBXFileReference; fileEncoding = 4; lastKnownFileType = sourcecode.swift; path = " IrregularVerbs.swift"; sourceTree = "<group>"; };
		DDE877B42AFC2CB10018DE4D /* Verb.swift */ = {isa = PBXFileReference; fileEncoding = 4; lastKnownFileType = sourcecode.swift; path = Verb.swift; sourceTree = "<group>"; };
		DDE877B72AFC38360018DE4D /* irregular-verbs.csv */ = {isa = PBXFileReference; fileEncoding = 4; lastKnownFileType = text; path = "irregular-verbs.csv"; sourceTree = "<group>"; };
/* End PBXFileReference section */

/* Begin PBXFrameworksBuildPhase section */
		DD18F4AD2AFACA4D005BFC48 /* Frameworks */ = {
			isa = PBXFrameworksBuildPhase;
			buildActionMask = 2147483647;
			files = (
				DD56920F2B0130EE000A76DC /* SwiftCSV in Frameworks */,
				DD5692122B0130FA000A76DC /* SnapKit in Frameworks */,
			);
			runOnlyForDeploymentPostprocessing = 0;
		};
/* End PBXFrameworksBuildPhase section */

/* Begin PBXGroup section */
		DD18F4A72AFACA4D005BFC48 = {
			isa = PBXGroup;
			children = (
				DD18F4B22AFACA4D005BFC48 /* Verregular */,
				DD18F4B12AFACA4D005BFC48 /* Products */,
			);
			sourceTree = "<group>";
		};
		DD18F4B12AFACA4D005BFC48 /* Products */ = {
			isa = PBXGroup;
			children = (
				DD18F4B02AFACA4D005BFC48 /* Verregular.app */,
			);
			name = Products;
			sourceTree = "<group>";
		};
		DD18F4B22AFACA4D005BFC48 /* Verregular */ = {
			isa = PBXGroup;
			children = (
				DD18F4B32AFACA4D005BFC48 /* AppDelegate.swift */,
				DD18F4CB2AFACE97005BFC48 /* Home */,
				DD18F4C92AFACE79005BFC48 /* Extensions */,
				DD18F4BC2AFACA4E005BFC48 /* Assets.xcassets */,
				DD18F4D02AFACF43005BFC48 /* Localizable.strings */,
				DD18F4BE2AFACA4E005BFC48 /* LaunchScreen.storyboard */,
				DD18F4C12AFACA4E005BFC48 /* Info.plist */,
			);
			path = Verregular;
			sourceTree = "<group>";
		};
		DD18F4C92AFACE79005BFC48 /* Extensions */ = {
			isa = PBXGroup;
			children = (
				DD18F4C72AFACE73005BFC48 /* String+Ex.swift */,
				DDE877A82AFC25410018DE4D /* UIView+Ex.swift */,
				DDE877AA2AFC26140018DE4D /* UIStackView+Ex.swift */,
			);
			path = Extensions;
			sourceTree = "<group>";
		};
		DD18F4CA2AFACE89005BFC48 /* Controller */ = {
			isa = PBXGroup;
			children = (
				DD18F4B72AFACA4D005BFC48 /* HomeViewController.swift */,
			);
			path = Controller;
			sourceTree = "<group>";
		};
		DD18F4CB2AFACE97005BFC48 /* Home */ = {
			isa = PBXGroup;
			children = (
				DD18F4CA2AFACE89005BFC48 /* Controller */,
				DD18F4D62AFAD9A9005BFC48 /* Select */,
				DD18F4D72AFAD9B0005BFC48 /* Train */,
			);
			path = Home;
			sourceTree = "<group>";
		};
		DD18F4D62AFAD9A9005BFC48 /* Select */ = {
			isa = PBXGroup;
			children = (
				DDE877B22AFC2C790018DE4D /* Model */,
				DDE877AD2AFC29970018DE4D /* Controller */,
				DDE877AC2AFC29900018DE4D /* View */,
			);
			path = Select;
			sourceTree = "<group>";
		};
		DD18F4D72AFAD9B0005BFC48 /* Train */ = {
			isa = PBXGroup;
			children = (
				DD18F4D42AFAD99C005BFC48 /* TrainViewController.swift */,
			);
			path = Train;
			sourceTree = "<group>";
		};
		DDE877AC2AFC29900018DE4D /* View */ = {
			isa = PBXGroup;
			children = (
				DDE877A62AFC200E0018DE4D /* SelectVerbTableViewCell.swift */,
			);
			path = View;
			sourceTree = "<group>";
		};
		DDE877AD2AFC29970018DE4D /* Controller */ = {
			isa = PBXGroup;
			children = (
				DD18F4D22AFAD981005BFC48 /* SelectVerbsViewController.swift */,
			);
			path = Controller;
			sourceTree = "<group>";
		};
		DDE877B22AFC2C790018DE4D /* Model */ = {
			isa = PBXGroup;
			children = (
				DDE877B32AFC2CB10018DE4D /*  IrregularVerbs.swift */,
				DDE877B42AFC2CB10018DE4D /* Verb.swift */,
				DDE877B72AFC38360018DE4D /* irregular-verbs.csv */,
			);
			path = Model;
			sourceTree = "<group>";
		};
/* End PBXGroup section */

/* Begin PBXNativeTarget section */
		DD18F4AF2AFACA4D005BFC48 /* Verregular */ = {
			isa = PBXNativeTarget;
			buildConfigurationList = DD18F4C42AFACA4E005BFC48 /* Build configuration list for PBXNativeTarget "Verregular" */;
			buildPhases = (
				DD18F4AC2AFACA4D005BFC48 /* Sources */,
				DD18F4AD2AFACA4D005BFC48 /* Frameworks */,
				DD18F4AE2AFACA4D005BFC48 /* Resources */,
			);
			buildRules = (
			);
			dependencies = (
			);
			name = Verregular;
			packageProductDependencies = (
				DD56920E2B0130EE000A76DC /* SwiftCSV */,
				DD5692112B0130FA000A76DC /* SnapKit */,
			);
			productName = Verregular;
			productReference = DD18F4B02AFACA4D005BFC48 /* Verregular.app */;
			productType = "com.apple.product-type.application";
		};
/* End PBXNativeTarget section */

/* Begin PBXProject section */
		DD18F4A82AFACA4D005BFC48 /* Project object */ = {
			isa = PBXProject;
			attributes = {
				BuildIndependentTargetsInParallel = 1;
				LastSwiftUpdateCheck = 1500;
				LastUpgradeCheck = 1500;
				TargetAttributes = {
					DD18F4AF2AFACA4D005BFC48 = {
						CreatedOnToolsVersion = 15.0.1;
					};
				};
			};
			buildConfigurationList = DD18F4AB2AFACA4D005BFC48 /* Build configuration list for PBXProject "Verregular" */;
			compatibilityVersion = "Xcode 14.0";
			developmentRegion = en;
			hasScannedForEncodings = 0;
			knownRegions = (
				en,
				Base,
				ru,
			);
			mainGroup = DD18F4A72AFACA4D005BFC48;
			packageReferences = (
				DD56920D2B0130EE000A76DC /* XCRemoteSwiftPackageReference "SwiftCSV" */,
				DD5692102B0130FA000A76DC /* XCRemoteSwiftPackageReference "SnapKit" */,
			);
			productRefGroup = DD18F4B12AFACA4D005BFC48 /* Products */;
			projectDirPath = "";
			projectRoot = "";
			targets = (
				DD18F4AF2AFACA4D005BFC48 /* Verregular */,
			);
		};
/* End PBXProject section */

/* Begin PBXResourcesBuildPhase section */
		DD18F4AE2AFACA4D005BFC48 /* Resources */ = {
			isa = PBXResourcesBuildPhase;
			buildActionMask = 2147483647;
			files = (
				DD18F4C02AFACA4E005BFC48 /* LaunchScreen.storyboard in Resources */,
				DDE877B82AFC38360018DE4D /* irregular-verbs.csv in Resources */,
				DD18F4CE2AFACF43005BFC48 /* Localizable.strings in Resources */,
				DD18F4BD2AFACA4E005BFC48 /* Assets.xcassets in Resources */,
			);
			runOnlyForDeploymentPostprocessing = 0;
		};
/* End PBXResourcesBuildPhase section */

/* Begin PBXSourcesBuildPhase section */
		DD18F4AC2AFACA4D005BFC48 /* Sources */ = {
			isa = PBXSourcesBuildPhase;
			buildActionMask = 2147483647;
			files = (
				DDE877A72AFC200E0018DE4D /* SelectVerbTableViewCell.swift in Sources */,
				DD18F4C82AFACE73005BFC48 /* String+Ex.swift in Sources */,
				DD18F4B82AFACA4D005BFC48 /* HomeViewController.swift in Sources */,
				DD18F4D52AFAD99C005BFC48 /* TrainViewController.swift in Sources */,
				DD18F4B42AFACA4D005BFC48 /* AppDelegate.swift in Sources */,
				DD18F4D32AFAD982005BFC48 /* SelectVerbsViewController.swift in Sources */,
				DDE877B62AFC2CB10018DE4D /* Verb.swift in Sources */,
				DDE877B52AFC2CB10018DE4D /*  IrregularVerbs.swift in Sources */,
				DDE877AB2AFC26140018DE4D /* UIStackView+Ex.swift in Sources */,
				DDE877A92AFC25410018DE4D /* UIView+Ex.swift in Sources */,
			);
			runOnlyForDeploymentPostprocessing = 0;
		};
/* End PBXSourcesBuildPhase section */

/* Begin PBXVariantGroup section */
		DD18F4BE2AFACA4E005BFC48 /* LaunchScreen.storyboard */ = {
			isa = PBXVariantGroup;
			children = (
				DD18F4BF2AFACA4E005BFC48 /* Base */,
			);
			name = LaunchScreen.storyboard;
			sourceTree = "<group>";
		};
		DD18F4D02AFACF43005BFC48 /* Localizable.strings */ = {
			isa = PBXVariantGroup;
			children = (
				DD18F4CF2AFACF43005BFC48 /* en */,
				DD18F4D12AFACF58005BFC48 /* ru */,
			);
			name = Localizable.strings;
			sourceTree = "<group>";
		};
/* End PBXVariantGroup section */

/* Begin XCBuildConfiguration section */
		DD18F4C22AFACA4E005BFC48 /* Debug */ = {
			isa = XCBuildConfiguration;
			buildSettings = {
				ALWAYS_SEARCH_USER_PATHS = NO;
				ASSETCATALOG_COMPILER_GENERATE_SWIFT_ASSET_SYMBOL_EXTENSIONS = YES;
				CLANG_ANALYZER_LOCALIZABILITY_NONLOCALIZED = YES;
				CLANG_ANALYZER_NONNULL = YES;
				CLANG_ANALYZER_NUMBER_OBJECT_CONVERSION = YES_AGGRESSIVE;
				CLANG_CXX_LANGUAGE_STANDARD = "gnu++20";
				CLANG_ENABLE_MODULES = YES;
				CLANG_ENABLE_OBJC_ARC = YES;
				CLANG_ENABLE_OBJC_WEAK = YES;
				CLANG_WARN_BLOCK_CAPTURE_AUTORELEASING = YES;
				CLANG_WARN_BOOL_CONVERSION = YES;
				CLANG_WARN_COMMA = YES;
				CLANG_WARN_CONSTANT_CONVERSION = YES;
				CLANG_WARN_DEPRECATED_OBJC_IMPLEMENTATIONS = YES;
				CLANG_WARN_DIRECT_OBJC_ISA_USAGE = YES_ERROR;
				CLANG_WARN_DOCUMENTATION_COMMENTS = YES;
				CLANG_WARN_EMPTY_BODY = YES;
				CLANG_WARN_ENUM_CONVERSION = YES;
				CLANG_WARN_INFINITE_RECURSION = YES;
				CLANG_WARN_INT_CONVERSION = YES;
				CLANG_WARN_NON_LITERAL_NULL_CONVERSION = YES;
				CLANG_WARN_OBJC_IMPLICIT_RETAIN_SELF = YES;
				CLANG_WARN_OBJC_LITERAL_CONVERSION = YES;
				CLANG_WARN_OBJC_ROOT_CLASS = YES_ERROR;
				CLANG_WARN_QUOTED_INCLUDE_IN_FRAMEWORK_HEADER = YES;
				CLANG_WARN_RANGE_LOOP_ANALYSIS = YES;
				CLANG_WARN_STRICT_PROTOTYPES = YES;
				CLANG_WARN_SUSPICIOUS_MOVE = YES;
				CLANG_WARN_UNGUARDED_AVAILABILITY = YES_AGGRESSIVE;
				CLANG_WARN_UNREACHABLE_CODE = YES;
				CLANG_WARN__DUPLICATE_METHOD_MATCH = YES;
				COPY_PHASE_STRIP = NO;
				DEBUG_INFORMATION_FORMAT = dwarf;
				ENABLE_STRICT_OBJC_MSGSEND = YES;
				ENABLE_TESTABILITY = YES;
				ENABLE_USER_SCRIPT_SANDBOXING = YES;
				GCC_C_LANGUAGE_STANDARD = gnu17;
				GCC_DYNAMIC_NO_PIC = NO;
				GCC_NO_COMMON_BLOCKS = YES;
				GCC_OPTIMIZATION_LEVEL = 0;
				GCC_PREPROCESSOR_DEFINITIONS = (
					"DEBUG=1",
					"$(inherited)",
				);
				GCC_WARN_64_TO_32_BIT_CONVERSION = YES;
				GCC_WARN_ABOUT_RETURN_TYPE = YES_ERROR;
				GCC_WARN_UNDECLARED_SELECTOR = YES;
				GCC_WARN_UNINITIALIZED_AUTOS = YES_AGGRESSIVE;
				GCC_WARN_UNUSED_FUNCTION = YES;
				GCC_WARN_UNUSED_VARIABLE = YES;
				IPHONEOS_DEPLOYMENT_TARGET = 15.0;
				LOCALIZATION_PREFERS_STRING_CATALOGS = YES;
				MTL_ENABLE_DEBUG_INFO = INCLUDE_SOURCE;
				MTL_FAST_MATH = YES;
				ONLY_ACTIVE_ARCH = YES;
				SDKROOT = iphoneos;
				SWIFT_ACTIVE_COMPILATION_CONDITIONS = "DEBUG $(inherited)";
				SWIFT_OPTIMIZATION_LEVEL = "-Onone";
			};
			name = Debug;
		};
		DD18F4C32AFACA4E005BFC48 /* Release */ = {
			isa = XCBuildConfiguration;
			buildSettings = {
				ALWAYS_SEARCH_USER_PATHS = NO;
				ASSETCATALOG_COMPILER_GENERATE_SWIFT_ASSET_SYMBOL_EXTENSIONS = YES;
				CLANG_ANALYZER_LOCALIZABILITY_NONLOCALIZED = YES;
				CLANG_ANALYZER_NONNULL = YES;
				CLANG_ANALYZER_NUMBER_OBJECT_CONVERSION = YES_AGGRESSIVE;
				CLANG_CXX_LANGUAGE_STANDARD = "gnu++20";
				CLANG_ENABLE_MODULES = YES;
				CLANG_ENABLE_OBJC_ARC = YES;
				CLANG_ENABLE_OBJC_WEAK = YES;
				CLANG_WARN_BLOCK_CAPTURE_AUTORELEASING = YES;
				CLANG_WARN_BOOL_CONVERSION = YES;
				CLANG_WARN_COMMA = YES;
				CLANG_WARN_CONSTANT_CONVERSION = YES;
				CLANG_WARN_DEPRECATED_OBJC_IMPLEMENTATIONS = YES;
				CLANG_WARN_DIRECT_OBJC_ISA_USAGE = YES_ERROR;
				CLANG_WARN_DOCUMENTATION_COMMENTS = YES;
				CLANG_WARN_EMPTY_BODY = YES;
				CLANG_WARN_ENUM_CONVERSION = YES;
				CLANG_WARN_INFINITE_RECURSION = YES;
				CLANG_WARN_INT_CONVERSION = YES;
				CLANG_WARN_NON_LITERAL_NULL_CONVERSION = YES;
				CLANG_WARN_OBJC_IMPLICIT_RETAIN_SELF = YES;
				CLANG_WARN_OBJC_LITERAL_CONVERSION = YES;
				CLANG_WARN_OBJC_ROOT_CLASS = YES_ERROR;
				CLANG_WARN_QUOTED_INCLUDE_IN_FRAMEWORK_HEADER = YES;
				CLANG_WARN_RANGE_LOOP_ANALYSIS = YES;
				CLANG_WARN_STRICT_PROTOTYPES = YES;
				CLANG_WARN_SUSPICIOUS_MOVE = YES;
				CLANG_WARN_UNGUARDED_AVAILABILITY = YES_AGGRESSIVE;
				CLANG_WARN_UNREACHABLE_CODE = YES;
				CLANG_WARN__DUPLICATE_METHOD_MATCH = YES;
				COPY_PHASE_STRIP = NO;
				DEBUG_INFORMATION_FORMAT = "dwarf-with-dsym";
				ENABLE_NS_ASSERTIONS = NO;
				ENABLE_STRICT_OBJC_MSGSEND = YES;
				ENABLE_USER_SCRIPT_SANDBOXING = YES;
				GCC_C_LANGUAGE_STANDARD = gnu17;
				GCC_NO_COMMON_BLOCKS = YES;
				GCC_WARN_64_TO_32_BIT_CONVERSION = YES;
				GCC_WARN_ABOUT_RETURN_TYPE = YES_ERROR;
				GCC_WARN_UNDECLARED_SELECTOR = YES;
				GCC_WARN_UNINITIALIZED_AUTOS = YES_AGGRESSIVE;
				GCC_WARN_UNUSED_FUNCTION = YES;
				GCC_WARN_UNUSED_VARIABLE = YES;
				IPHONEOS_DEPLOYMENT_TARGET = 15.0;
				LOCALIZATION_PREFERS_STRING_CATALOGS = YES;
				MTL_ENABLE_DEBUG_INFO = NO;
				MTL_FAST_MATH = YES;
				SDKROOT = iphoneos;
				SWIFT_COMPILATION_MODE = wholemodule;
				VALIDATE_PRODUCT = YES;
			};
			name = Release;
		};
		DD18F4C52AFACA4E005BFC48 /* Debug */ = {
			isa = XCBuildConfiguration;
			buildSettings = {
				ASSETCATALOG_COMPILER_APPICON_NAME = AppIcon;
				ASSETCATALOG_COMPILER_GLOBAL_ACCENT_COLOR_NAME = AccentColor;
				CODE_SIGN_STYLE = Automatic;
				CURRENT_PROJECT_VERSION = 1;
				DEVELOPMENT_TEAM = 45B8HPZBYT;
				GENERATE_INFOPLIST_FILE = YES;
				INFOPLIST_FILE = Verregular/Info.plist;
				INFOPLIST_KEY_LSApplicationCategoryType = "";
				INFOPLIST_KEY_UIApplicationSupportsIndirectInputEvents = YES;
				INFOPLIST_KEY_UILaunchStoryboardName = "";
				INFOPLIST_KEY_UISupportedInterfaceOrientations_iPad = "UIInterfaceOrientationPortrait UIInterfaceOrientationPortraitUpsideDown UIInterfaceOrientationLandscapeLeft UIInterfaceOrientationLandscapeRight";
				INFOPLIST_KEY_UISupportedInterfaceOrientations_iPhone = "UIInterfaceOrientationPortrait UIInterfaceOrientationLandscapeLeft UIInterfaceOrientationLandscapeRight";
				IPHONEOS_DEPLOYMENT_TARGET = 15.1;
				LD_RUNPATH_SEARCH_PATHS = (
					"$(inherited)",
					"@executable_path/Frameworks",
				);
				MARKETING_VERSION = 1.0;
				PRODUCT_BUNDLE_IDENTIFIER = "pravda-dev.Verregular";
				PRODUCT_NAME = "$(TARGET_NAME)";
				SWIFT_EMIT_LOC_STRINGS = YES;
				SWIFT_VERSION = 5.0;
				TARGETED_DEVICE_FAMILY = "1,2";
			};
			name = Debug;
		};
		DD18F4C62AFACA4E005BFC48 /* Release */ = {
			isa = XCBuildConfiguration;
			buildSettings = {
				ASSETCATALOG_COMPILER_APPICON_NAME = AppIcon;
				ASSETCATALOG_COMPILER_GLOBAL_ACCENT_COLOR_NAME = AccentColor;
				CODE_SIGN_STYLE = Automatic;
				CURRENT_PROJECT_VERSION = 1;
				DEVELOPMENT_TEAM = 45B8HPZBYT;
				GENERATE_INFOPLIST_FILE = YES;
				INFOPLIST_FILE = Verregular/Info.plist;
				INFOPLIST_KEY_LSApplicationCategoryType = "";
				INFOPLIST_KEY_UIApplicationSupportsIndirectInputEvents = YES;
				INFOPLIST_KEY_UILaunchStoryboardName = "";
				INFOPLIST_KEY_UISupportedInterfaceOrientations_iPad = "UIInterfaceOrientationPortrait UIInterfaceOrientationPortraitUpsideDown UIInterfaceOrientationLandscapeLeft UIInterfaceOrientationLandscapeRight";
				INFOPLIST_KEY_UISupportedInterfaceOrientations_iPhone = "UIInterfaceOrientationPortrait UIInterfaceOrientationLandscapeLeft UIInterfaceOrientationLandscapeRight";
				IPHONEOS_DEPLOYMENT_TARGET = 15.1;
				LD_RUNPATH_SEARCH_PATHS = (
					"$(inherited)",
					"@executable_path/Frameworks",
				);
				MARKETING_VERSION = 1.0;
				PRODUCT_BUNDLE_IDENTIFIER = "pravda-dev.Verregular";
				PRODUCT_NAME = "$(TARGET_NAME)";
				SWIFT_EMIT_LOC_STRINGS = YES;
				SWIFT_VERSION = 5.0;
				TARGETED_DEVICE_FAMILY = "1,2";
			};
			name = Release;
		};
/* End XCBuildConfiguration section */

/* Begin XCConfigurationList section */
		DD18F4AB2AFACA4D005BFC48 /* Build configuration list for PBXProject "Verregular" */ = {
			isa = XCConfigurationList;
			buildConfigurations = (
				DD18F4C22AFACA4E005BFC48 /* Debug */,
				DD18F4C32AFACA4E005BFC48 /* Release */,
			);
			defaultConfigurationIsVisible = 0;
			defaultConfigurationName = Release;
		};
		DD18F4C42AFACA4E005BFC48 /* Build configuration list for PBXNativeTarget "Verregular" */ = {
			isa = XCConfigurationList;
			buildConfigurations = (
				DD18F4C52AFACA4E005BFC48 /* Debug */,
				DD18F4C62AFACA4E005BFC48 /* Release */,
			);
			defaultConfigurationIsVisible = 0;
			defaultConfigurationName = Release;
		};
/* End XCConfigurationList section */

/* Begin XCRemoteSwiftPackageReference section */
		DD56920D2B0130EE000A76DC /* XCRemoteSwiftPackageReference "SwiftCSV" */ = {
			isa = XCRemoteSwiftPackageReference;
			repositoryURL = "https://github.com/naoty/SwiftCSV.git";
			requirement = {
				kind = upToNextMajorVersion;
				minimumVersion = 0.9.1;
			};
		};
		DD5692102B0130FA000A76DC /* XCRemoteSwiftPackageReference "SnapKit" */ = {
			isa = XCRemoteSwiftPackageReference;
			repositoryURL = "https://github.com/SnapKit/SnapKit.git";
			requirement = {
				kind = upToNextMajorVersion;
				minimumVersion = 5.6.0;
			};
		};
/* End XCRemoteSwiftPackageReference section */

/* Begin XCSwiftPackageProductDependency section */
		DD56920E2B0130EE000A76DC /* SwiftCSV */ = {
			isa = XCSwiftPackageProductDependency;
			package = DD56920D2B0130EE000A76DC /* XCRemoteSwiftPackageReference "SwiftCSV" */;
			productName = SwiftCSV;
		};
		DD5692112B0130FA000A76DC /* SnapKit */ = {
			isa = XCSwiftPackageProductDependency;
			package = DD5692102B0130FA000A76DC /* XCRemoteSwiftPackageReference "SnapKit" */;
			productName = SnapKit;
		};
/* End XCSwiftPackageProductDependency section */
	};
	rootObject = DD18F4A82AFACA4D005BFC48 /* Project object */;
}
